
Microsoft Visual Studio Solution File, Format Version 12.00
# Visual Studio Version 17
VisualStudioVersion = 17.0.31903.59
MinimumVisualStudioVersion = 10.0.40219.1
Project("{2150E333-8FDC-42A3-9474-1A3956D46DE8}") = "Week01", "Week01", "{84EBACF0-339F-49E0-B15A-3BACE4E24443}"
EndProject
Project("{9A19103F-16F7-4668-BE54-9A1E7A4F7556}") = "Week1.Task1", "Week1.Task1\Week1.Task1.csproj", "{96C0AD5D-AD37-442D-B4D1-D8C796A0F596}"
EndProject
Project("{9A19103F-16F7-4668-BE54-9A1E7A4F7556}") = "Week1.Task2", "Week1.Task2\Week1.Task2.csproj", "{998DC4AC-E37B-439F-9ADE-E4C2E1A889C2}"
EndProject
Project("{2150E333-8FDC-42A3-9474-1A3956D46DE8}") = "Week02", "Week02", "{2FEB885B-FB7E-4B3E-AE05-503446B603CE}"
EndProject
Project("{9A19103F-16F7-4668-BE54-9A1E7A4F7556}") = "Week2.Task1", "Week2.Task1\Week2.Task1.csproj", "{36F8E349-0F88-4D8D-9AE5-4C6FE3A48D62}"
EndProject
Project("{9A19103F-16F7-4668-BE54-9A1E7A4F7556}") = "Week2.Task2", "Week2.Task2\Week2.Task2.csproj", "{309ED16A-D94F-46D9-BA7F-431C10F6B91C}"
EndProject
Project("{2150E333-8FDC-42A3-9474-1A3956D46DE8}") = "Week03", "Week03", "{2377E8A8-E9A5-458A-9983-EBBCA82572CB}"
EndProject
Project("{9A19103F-16F7-4668-BE54-9A1E7A4F7556}") = "Week3.Task1", "Week3.Task1\Week3.Task1.csproj", "{09D74F4F-760B-493A-AFAB-4394B94C6830}"
EndProject
Project("{9A19103F-16F7-4668-BE54-9A1E7A4F7556}") = "Week3.Task2", "Week3.Task2\Week3.Task2.csproj", "{10EE0DBB-6081-454A-8387-E54EC3CDC858}"
EndProject
Project("{9A19103F-16F7-4668-BE54-9A1E7A4F7556}") = "Week3.Task3", "Week3.Task3\Week3.Task3.csproj", "{9D283303-D797-4CC6-812E-0243CC4D39F0}"
EndProject
Project("{9A19103F-16F7-4668-BE54-9A1E7A4F7556}") = "Week3.Task4", "Week3.Task4\Week3.Task4.csproj", "{BFA99D86-0DFD-4EDA-989B-D1F01D835F92}"
EndProject
Project("{9A19103F-16F7-4668-BE54-9A1E7A4F7556}") = "Week3.Task5", "Week3.Task5\Week3.Task5.csproj", "{B25D4D08-38A7-4756-B343-AAC382F55299}"
EndProject
Project("{2150E333-8FDC-42A3-9474-1A3956D46DE8}") = "Week04", "Week04", "{C5336E05-AA0C-47FF-897D-2B5025C9E4CF}"
EndProject
Project("{9A19103F-16F7-4668-BE54-9A1E7A4F7556}") = "Week4.Task1", "Week4.Task1\Week4.Task1.csproj", "{0CB3E2D9-1157-44E2-996E-6FC1EA0FD9A6}"
EndProject
Project("{2150E333-8FDC-42A3-9474-1A3956D46DE8}") = "Extensions", "Extensions", "{07AE5909-AEAF-4F34-BE51-99C61C7F2651}"
EndProject
Project("{9A19103F-16F7-4668-BE54-9A1E7A4F7556}") = "Extensions", "Extensions\Extensions.csproj", "{C641E62B-9566-4DCB-8CF5-8C4F63F41C09}"
EndProject
Project("{9A19103F-16F7-4668-BE54-9A1E7A4F7556}") = "Week4.Task2", "Week4.Task2\Week4.Task2.csproj", "{D33ACC9B-1D8F-4CEE-8264-EA00B0EBF130}"
EndProject
Project("{2150E333-8FDC-42A3-9474-1A3956D46DE8}") = "Week05", "Week05", "{6E6F2A0A-C525-4832-8329-C8614A4DB931}"
EndProject
Project("{9A19103F-16F7-4668-BE54-9A1E7A4F7556}") = "Week5.Task1", "Week5.Task1\Week5.Task1.csproj", "{C524EEF7-E676-4ECC-9DF7-0D2DE049CBAE}"
EndProject
Project("{9A19103F-16F7-4668-BE54-9A1E7A4F7556}") = "Week5.Task2", "Week5.Task2\Week5.Task2.csproj", "{897FB235-067C-48A4-A9A5-C39DF18DDE79}"
EndProject
Project("{2150E333-8FDC-42A3-9474-1A3956D46DE8}") = "Week06", "Week06", "{B97E0AF8-8CE6-4AD8-A8C7-49342C3B3B46}"
EndProject
Project("{9A19103F-16F7-4668-BE54-9A1E7A4F7556}") = "Week6.Task1", "Week6.Task1\Week6.Task1.csproj", "{A3866778-D56B-41BA-83BD-0D38891E90FA}"
EndProject
Project("{2150E333-8FDC-42A3-9474-1A3956D46DE8}") = "Week07", "Week07", "{E9E106B8-3459-4839-BED4-9BB95D585366}"
EndProject
Project("{9A19103F-16F7-4668-BE54-9A1E7A4F7556}") = "Week7.Task1", "Week7.Task1\Week7.Task1.csproj", "{1160770E-142C-4762-915D-85D999CCE879}"
EndProject
Project("{2150E333-8FDC-42A3-9474-1A3956D46DE8}") = "Week08", "Week08", "{170C35F4-9275-4A32-8539-B09BD061FD15}"
EndProject
Project("{9A19103F-16F7-4668-BE54-9A1E7A4F7556}") = "Week8.Task1", "Week8.Task1\Week8.Task1.csproj", "{3442B746-7A2A-44AC-A72E-F3E17914EC13}"
EndProject
Project("{9A19103F-16F7-4668-BE54-9A1E7A4F7556}") = "Week8.Task2", "Week8.Task2\Week8.Task2.csproj", "{3D858AF7-FE91-4639-8C94-FEBF8788CE1D}"
EndProject
Project("{9A19103F-16F7-4668-BE54-9A1E7A4F7556}") = "Week8.Task3", "Week8.Task3\Week8.Task3.csproj", "{3F626F99-C470-4EAC-8050-BFD10D9E386E}"
EndProject
Project("{9A19103F-16F7-4668-BE54-9A1E7A4F7556}") = "Week8.Task4", "Week8.Task4\Week8.Task4.csproj", "{5FAF74AA-5BC6-4A71-BF1A-67E8A7800F8F}"
EndProject
Project("{2150E333-8FDC-42A3-9474-1A3956D46DE8}") = "Week09", "Week09", "{98722C37-664B-425E-93D4-388CC67D8D1D}"
EndProject
Project("{9A19103F-16F7-4668-BE54-9A1E7A4F7556}") = "Week9.Task1", "Week9.Task1\Week9.Task1.csproj", "{B4ED9809-76F4-4B88-89E8-46C7E84E73AA}"
EndProject
Project("{2150E333-8FDC-42A3-9474-1A3956D46DE8}") = "Week10", "Week10", "{88CA750A-5A4A-4EFD-8169-641E842A18F8}"
EndProject
Project("{9A19103F-16F7-4668-BE54-9A1E7A4F7556}") = "Week10.Storage.Task1-3", "Week10.Storage.Task1-3\Week10.Storage.Task1-3.csproj", "{441D4A7B-E4F8-4826-96D3-37E02383FB07}"
EndProject
Project("{9A19103F-16F7-4668-BE54-9A1E7A4F7556}") = "Week10.Front", "Week10.Front\Week10.Front.csproj", "{D2783F63-950C-4918-8F50-42CDDADACFCE}"
EndProject
Project("{2150E333-8FDC-42A3-9474-1A3956D46DE8}") = "Week12", "Week12", "{FC30D7FC-2B2B-4D44-A38D-019FD4F631FC}"
EndProject
Project("{9A19103F-16F7-4668-BE54-9A1E7A4F7556}") = "Week12.Storage", "Week12.Storage\Week12.Storage.csproj", "{F3662AFE-E2AC-42A2-8645-71377A91F285}"
EndProject
Project("{9A19103F-16F7-4668-BE54-9A1E7A4F7556}") = "Week12.Front", "Week12.Front\Week12.Front.csproj", "{E2F1574B-143E-4253-BDE5-3CF9B8F8CA1B}"
	ProjectSection(ProjectDependencies) = postProject
		{F3662AFE-E2AC-42A2-8645-71377A91F285} = {F3662AFE-E2AC-42A2-8645-71377A91F285}
	EndProjectSection
EndProject
Project("{2150E333-8FDC-42A3-9474-1A3956D46DE8}") = "View", "View", "{0499AD8F-3FC5-4120-9033-D3DCD8BEA820}"
EndProject
Project("{2150E333-8FDC-42A3-9474-1A3956D46DE8}") = "ViewModel", "ViewModel", "{8059A41F-72E7-440E-AF16-41295D60151C}"
EndProject
Global
	GlobalSection(SolutionConfigurationPlatforms) = preSolution
		Debug|Any CPU = Debug|Any CPU
		Release|Any CPU = Release|Any CPU
	EndGlobalSection
	GlobalSection(ProjectConfigurationPlatforms) = postSolution
		{96C0AD5D-AD37-442D-B4D1-D8C796A0F596}.Debug|Any CPU.ActiveCfg = Debug|Any CPU
		{96C0AD5D-AD37-442D-B4D1-D8C796A0F596}.Debug|Any CPU.Build.0 = Debug|Any CPU
		{96C0AD5D-AD37-442D-B4D1-D8C796A0F596}.Release|Any CPU.ActiveCfg = Release|Any CPU
		{96C0AD5D-AD37-442D-B4D1-D8C796A0F596}.Release|Any CPU.Build.0 = Release|Any CPU
		{998DC4AC-E37B-439F-9ADE-E4C2E1A889C2}.Debug|Any CPU.ActiveCfg = Debug|Any CPU
		{998DC4AC-E37B-439F-9ADE-E4C2E1A889C2}.Debug|Any CPU.Build.0 = Debug|Any CPU
		{998DC4AC-E37B-439F-9ADE-E4C2E1A889C2}.Release|Any CPU.ActiveCfg = Release|Any CPU
		{998DC4AC-E37B-439F-9ADE-E4C2E1A889C2}.Release|Any CPU.Build.0 = Release|Any CPU
		{36F8E349-0F88-4D8D-9AE5-4C6FE3A48D62}.Debug|Any CPU.ActiveCfg = Debug|Any CPU
		{36F8E349-0F88-4D8D-9AE5-4C6FE3A48D62}.Debug|Any CPU.Build.0 = Debug|Any CPU
		{36F8E349-0F88-4D8D-9AE5-4C6FE3A48D62}.Release|Any CPU.ActiveCfg = Release|Any CPU
		{36F8E349-0F88-4D8D-9AE5-4C6FE3A48D62}.Release|Any CPU.Build.0 = Release|Any CPU
		{309ED16A-D94F-46D9-BA7F-431C10F6B91C}.Debug|Any CPU.ActiveCfg = Debug|Any CPU
		{309ED16A-D94F-46D9-BA7F-431C10F6B91C}.Debug|Any CPU.Build.0 = Debug|Any CPU
		{309ED16A-D94F-46D9-BA7F-431C10F6B91C}.Release|Any CPU.ActiveCfg = Release|Any CPU
		{309ED16A-D94F-46D9-BA7F-431C10F6B91C}.Release|Any CPU.Build.0 = Release|Any CPU
		{09D74F4F-760B-493A-AFAB-4394B94C6830}.Debug|Any CPU.ActiveCfg = Debug|Any CPU
		{09D74F4F-760B-493A-AFAB-4394B94C6830}.Debug|Any CPU.Build.0 = Debug|Any CPU
		{09D74F4F-760B-493A-AFAB-4394B94C6830}.Release|Any CPU.ActiveCfg = Release|Any CPU
		{09D74F4F-760B-493A-AFAB-4394B94C6830}.Release|Any CPU.Build.0 = Release|Any CPU
		{10EE0DBB-6081-454A-8387-E54EC3CDC858}.Debug|Any CPU.ActiveCfg = Debug|Any CPU
		{10EE0DBB-6081-454A-8387-E54EC3CDC858}.Debug|Any CPU.Build.0 = Debug|Any CPU
		{10EE0DBB-6081-454A-8387-E54EC3CDC858}.Release|Any CPU.ActiveCfg = Release|Any CPU
		{10EE0DBB-6081-454A-8387-E54EC3CDC858}.Release|Any CPU.Build.0 = Release|Any CPU
		{9D283303-D797-4CC6-812E-0243CC4D39F0}.Debug|Any CPU.ActiveCfg = Debug|Any CPU
		{9D283303-D797-4CC6-812E-0243CC4D39F0}.Debug|Any CPU.Build.0 = Debug|Any CPU
		{9D283303-D797-4CC6-812E-0243CC4D39F0}.Release|Any CPU.ActiveCfg = Release|Any CPU
		{9D283303-D797-4CC6-812E-0243CC4D39F0}.Release|Any CPU.Build.0 = Release|Any CPU
		{BFA99D86-0DFD-4EDA-989B-D1F01D835F92}.Debug|Any CPU.ActiveCfg = Debug|Any CPU
		{BFA99D86-0DFD-4EDA-989B-D1F01D835F92}.Debug|Any CPU.Build.0 = Debug|Any CPU
		{BFA99D86-0DFD-4EDA-989B-D1F01D835F92}.Release|Any CPU.ActiveCfg = Release|Any CPU
		{BFA99D86-0DFD-4EDA-989B-D1F01D835F92}.Release|Any CPU.Build.0 = Release|Any CPU
		{B25D4D08-38A7-4756-B343-AAC382F55299}.Debug|Any CPU.ActiveCfg = Debug|Any CPU
		{B25D4D08-38A7-4756-B343-AAC382F55299}.Debug|Any CPU.Build.0 = Debug|Any CPU
		{B25D4D08-38A7-4756-B343-AAC382F55299}.Release|Any CPU.ActiveCfg = Release|Any CPU
		{B25D4D08-38A7-4756-B343-AAC382F55299}.Release|Any CPU.Build.0 = Release|Any CPU
		{0CB3E2D9-1157-44E2-996E-6FC1EA0FD9A6}.Debug|Any CPU.ActiveCfg = Debug|Any CPU
		{0CB3E2D9-1157-44E2-996E-6FC1EA0FD9A6}.Debug|Any CPU.Build.0 = Debug|Any CPU
		{0CB3E2D9-1157-44E2-996E-6FC1EA0FD9A6}.Release|Any CPU.ActiveCfg = Release|Any CPU
		{0CB3E2D9-1157-44E2-996E-6FC1EA0FD9A6}.Release|Any CPU.Build.0 = Release|Any CPU
		{C641E62B-9566-4DCB-8CF5-8C4F63F41C09}.Debug|Any CPU.ActiveCfg = Debug|Any CPU
		{C641E62B-9566-4DCB-8CF5-8C4F63F41C09}.Debug|Any CPU.Build.0 = Debug|Any CPU
		{C641E62B-9566-4DCB-8CF5-8C4F63F41C09}.Release|Any CPU.ActiveCfg = Release|Any CPU
		{C641E62B-9566-4DCB-8CF5-8C4F63F41C09}.Release|Any CPU.Build.0 = Release|Any CPU
		{D33ACC9B-1D8F-4CEE-8264-EA00B0EBF130}.Debug|Any CPU.ActiveCfg = Debug|Any CPU
		{D33ACC9B-1D8F-4CEE-8264-EA00B0EBF130}.Debug|Any CPU.Build.0 = Debug|Any CPU
		{D33ACC9B-1D8F-4CEE-8264-EA00B0EBF130}.Release|Any CPU.ActiveCfg = Release|Any CPU
		{D33ACC9B-1D8F-4CEE-8264-EA00B0EBF130}.Release|Any CPU.Build.0 = Release|Any CPU
		{C524EEF7-E676-4ECC-9DF7-0D2DE049CBAE}.Debug|Any CPU.ActiveCfg = Debug|Any CPU
		{C524EEF7-E676-4ECC-9DF7-0D2DE049CBAE}.Debug|Any CPU.Build.0 = Debug|Any CPU
		{C524EEF7-E676-4ECC-9DF7-0D2DE049CBAE}.Release|Any CPU.ActiveCfg = Release|Any CPU
		{C524EEF7-E676-4ECC-9DF7-0D2DE049CBAE}.Release|Any CPU.Build.0 = Release|Any CPU
		{897FB235-067C-48A4-A9A5-C39DF18DDE79}.Debug|Any CPU.ActiveCfg = Debug|Any CPU
		{897FB235-067C-48A4-A9A5-C39DF18DDE79}.Debug|Any CPU.Build.0 = Debug|Any CPU
		{897FB235-067C-48A4-A9A5-C39DF18DDE79}.Release|Any CPU.ActiveCfg = Release|Any CPU
		{897FB235-067C-48A4-A9A5-C39DF18DDE79}.Release|Any CPU.Build.0 = Release|Any CPU
		{A3866778-D56B-41BA-83BD-0D38891E90FA}.Debug|Any CPU.ActiveCfg = Debug|Any CPU
		{A3866778-D56B-41BA-83BD-0D38891E90FA}.Debug|Any CPU.Build.0 = Debug|Any CPU
		{A3866778-D56B-41BA-83BD-0D38891E90FA}.Release|Any CPU.ActiveCfg = Release|Any CPU
		{A3866778-D56B-41BA-83BD-0D38891E90FA}.Release|Any CPU.Build.0 = Release|Any CPU
		{1160770E-142C-4762-915D-85D999CCE879}.Debug|Any CPU.ActiveCfg = Debug|Any CPU
		{1160770E-142C-4762-915D-85D999CCE879}.Debug|Any CPU.Build.0 = Debug|Any CPU
		{1160770E-142C-4762-915D-85D999CCE879}.Release|Any CPU.ActiveCfg = Release|Any CPU
		{1160770E-142C-4762-915D-85D999CCE879}.Release|Any CPU.Build.0 = Release|Any CPU
		{3442B746-7A2A-44AC-A72E-F3E17914EC13}.Debug|Any CPU.ActiveCfg = Debug|Any CPU
		{3442B746-7A2A-44AC-A72E-F3E17914EC13}.Debug|Any CPU.Build.0 = Debug|Any CPU
		{3442B746-7A2A-44AC-A72E-F3E17914EC13}.Release|Any CPU.ActiveCfg = Release|Any CPU
		{3442B746-7A2A-44AC-A72E-F3E17914EC13}.Release|Any CPU.Build.0 = Release|Any CPU
		{3D858AF7-FE91-4639-8C94-FEBF8788CE1D}.Debug|Any CPU.ActiveCfg = Debug|Any CPU
		{3D858AF7-FE91-4639-8C94-FEBF8788CE1D}.Debug|Any CPU.Build.0 = Debug|Any CPU
		{3D858AF7-FE91-4639-8C94-FEBF8788CE1D}.Release|Any CPU.ActiveCfg = Release|Any CPU
		{3D858AF7-FE91-4639-8C94-FEBF8788CE1D}.Release|Any CPU.Build.0 = Release|Any CPU
		{3F626F99-C470-4EAC-8050-BFD10D9E386E}.Debug|Any CPU.ActiveCfg = Debug|Any CPU
		{3F626F99-C470-4EAC-8050-BFD10D9E386E}.Debug|Any CPU.Build.0 = Debug|Any CPU
		{3F626F99-C470-4EAC-8050-BFD10D9E386E}.Release|Any CPU.ActiveCfg = Release|Any CPU
		{3F626F99-C470-4EAC-8050-BFD10D9E386E}.Release|Any CPU.Build.0 = Release|Any CPU
		{5FAF74AA-5BC6-4A71-BF1A-67E8A7800F8F}.Debug|Any CPU.ActiveCfg = Debug|Any CPU
		{5FAF74AA-5BC6-4A71-BF1A-67E8A7800F8F}.Debug|Any CPU.Build.0 = Debug|Any CPU
		{5FAF74AA-5BC6-4A71-BF1A-67E8A7800F8F}.Release|Any CPU.ActiveCfg = Release|Any CPU
		{5FAF74AA-5BC6-4A71-BF1A-67E8A7800F8F}.Release|Any CPU.Build.0 = Release|Any CPU
		{B4ED9809-76F4-4B88-89E8-46C7E84E73AA}.Debug|Any CPU.ActiveCfg = Debug|Any CPU
		{B4ED9809-76F4-4B88-89E8-46C7E84E73AA}.Debug|Any CPU.Build.0 = Debug|Any CPU
		{B4ED9809-76F4-4B88-89E8-46C7E84E73AA}.Release|Any CPU.ActiveCfg = Release|Any CPU
		{B4ED9809-76F4-4B88-89E8-46C7E84E73AA}.Release|Any CPU.Build.0 = Release|Any CPU
		{441D4A7B-E4F8-4826-96D3-37E02383FB07}.Debug|Any CPU.ActiveCfg = Debug|Any CPU
		{441D4A7B-E4F8-4826-96D3-37E02383FB07}.Debug|Any CPU.Build.0 = Debug|Any CPU
		{441D4A7B-E4F8-4826-96D3-37E02383FB07}.Release|Any CPU.ActiveCfg = Release|Any CPU
		{441D4A7B-E4F8-4826-96D3-37E02383FB07}.Release|Any CPU.Build.0 = Release|Any CPU
		{D2783F63-950C-4918-8F50-42CDDADACFCE}.Debug|Any CPU.ActiveCfg = Debug|Any CPU
		{D2783F63-950C-4918-8F50-42CDDADACFCE}.Debug|Any CPU.Build.0 = Debug|Any CPU
		{D2783F63-950C-4918-8F50-42CDDADACFCE}.Release|Any CPU.ActiveCfg = Release|Any CPU
		{D2783F63-950C-4918-8F50-42CDDADACFCE}.Release|Any CPU.Build.0 = Release|Any CPU
		{F3662AFE-E2AC-42A2-8645-71377A91F285}.Debug|Any CPU.ActiveCfg = Debug|Any CPU
		{F3662AFE-E2AC-42A2-8645-71377A91F285}.Debug|Any CPU.Build.0 = Debug|Any CPU
		{F3662AFE-E2AC-42A2-8645-71377A91F285}.Release|Any CPU.ActiveCfg = Release|Any CPU
		{F3662AFE-E2AC-42A2-8645-71377A91F285}.Release|Any CPU.Build.0 = Release|Any CPU
		{E2F1574B-143E-4253-BDE5-3CF9B8F8CA1B}.Debug|Any CPU.ActiveCfg = Debug|Any CPU
		{E2F1574B-143E-4253-BDE5-3CF9B8F8CA1B}.Debug|Any CPU.Build.0 = Debug|Any CPU
		{E2F1574B-143E-4253-BDE5-3CF9B8F8CA1B}.Release|Any CPU.ActiveCfg = Release|Any CPU
		{E2F1574B-143E-4253-BDE5-3CF9B8F8CA1B}.Release|Any CPU.Build.0 = Release|Any CPU
	EndGlobalSection
	GlobalSection(SolutionProperties) = preSolution
		HideSolutionNode = FALSE
	EndGlobalSection
	GlobalSection(NestedProjects) = preSolution
		{96C0AD5D-AD37-442D-B4D1-D8C796A0F596} = {84EBACF0-339F-49E0-B15A-3BACE4E24443}
		{998DC4AC-E37B-439F-9ADE-E4C2E1A889C2} = {84EBACF0-339F-49E0-B15A-3BACE4E24443}
		{36F8E349-0F88-4D8D-9AE5-4C6FE3A48D62} = {2FEB885B-FB7E-4B3E-AE05-503446B603CE}
		{309ED16A-D94F-46D9-BA7F-431C10F6B91C} = {2FEB885B-FB7E-4B3E-AE05-503446B603CE}
		{09D74F4F-760B-493A-AFAB-4394B94C6830} = {2377E8A8-E9A5-458A-9983-EBBCA82572CB}
		{10EE0DBB-6081-454A-8387-E54EC3CDC858} = {2377E8A8-E9A5-458A-9983-EBBCA82572CB}
		{9D283303-D797-4CC6-812E-0243CC4D39F0} = {2377E8A8-E9A5-458A-9983-EBBCA82572CB}
		{BFA99D86-0DFD-4EDA-989B-D1F01D835F92} = {2377E8A8-E9A5-458A-9983-EBBCA82572CB}
		{B25D4D08-38A7-4756-B343-AAC382F55299} = {2377E8A8-E9A5-458A-9983-EBBCA82572CB}
		{0CB3E2D9-1157-44E2-996E-6FC1EA0FD9A6} = {C5336E05-AA0C-47FF-897D-2B5025C9E4CF}
		{C641E62B-9566-4DCB-8CF5-8C4F63F41C09} = {07AE5909-AEAF-4F34-BE51-99C61C7F2651}
		{D33ACC9B-1D8F-4CEE-8264-EA00B0EBF130} = {C5336E05-AA0C-47FF-897D-2B5025C9E4CF}
		{C524EEF7-E676-4ECC-9DF7-0D2DE049CBAE} = {6E6F2A0A-C525-4832-8329-C8614A4DB931}
		{897FB235-067C-48A4-A9A5-C39DF18DDE79} = {6E6F2A0A-C525-4832-8329-C8614A4DB931}
		{A3866778-D56B-41BA-83BD-0D38891E90FA} = {B97E0AF8-8CE6-4AD8-A8C7-49342C3B3B46}
		{1160770E-142C-4762-915D-85D999CCE879} = {E9E106B8-3459-4839-BED4-9BB95D585366}
		{3442B746-7A2A-44AC-A72E-F3E17914EC13} = {170C35F4-9275-4A32-8539-B09BD061FD15}
		{3D858AF7-FE91-4639-8C94-FEBF8788CE1D} = {170C35F4-9275-4A32-8539-B09BD061FD15}
		{3F626F99-C470-4EAC-8050-BFD10D9E386E} = {170C35F4-9275-4A32-8539-B09BD061FD15}
		{5FAF74AA-5BC6-4A71-BF1A-67E8A7800F8F} = {170C35F4-9275-4A32-8539-B09BD061FD15}
		{B4ED9809-76F4-4B88-89E8-46C7E84E73AA} = {98722C37-664B-425E-93D4-388CC67D8D1D}
		{441D4A7B-E4F8-4826-96D3-37E02383FB07} = {88CA750A-5A4A-4EFD-8169-641E842A18F8}
		{D2783F63-950C-4918-8F50-42CDDADACFCE} = {88CA750A-5A4A-4EFD-8169-641E842A18F8}
		{F3662AFE-E2AC-42A2-8645-71377A91F285} = {FC30D7FC-2B2B-4D44-A38D-019FD4F631FC}
		{E2F1574B-143E-4253-BDE5-3CF9B8F8CA1B} = {FC30D7FC-2B2B-4D44-A38D-019FD4F631FC}
		{0499AD8F-3FC5-4120-9033-D3DCD8BEA820} = {FC30D7FC-2B2B-4D44-A38D-019FD4F631FC}
		{8059A41F-72E7-440E-AF16-41295D60151C} = {FC30D7FC-2B2B-4D44-A38D-019FD4F631FC}
	EndGlobalSection
	GlobalSection(ExtensibilityGlobals) = postSolution
		SolutionGuid = {C45145AA-C4B4-417B-A022-E73BBBC2AC07}
	EndGlobalSection
EndGlobal
