
Microsoft Visual Studio Solution File, Format Version 12.00
# Visual Studio Version 17
VisualStudioVersion = 17.0.31903.59
MinimumVisualStudioVersion = 10.0.40219.1
Project("{2150E333-8FDC-42A3-9474-1A3956D46DE8}") = "Week1", "Week1", "{84EBACF0-339F-49E0-B15A-3BACE4E24443}"
EndProject
Project("{9A19103F-16F7-4668-BE54-9A1E7A4F7556}") = "Week1.Task1", "Week1.Task1\Week1.Task1.csproj", "{96C0AD5D-AD37-442D-B4D1-D8C796A0F596}"
EndProject
Project("{9A19103F-16F7-4668-BE54-9A1E7A4F7556}") = "Week1.Task2", "Week1.Task2\Week1.Task2.csproj", "{998DC4AC-E37B-439F-9ADE-E4C2E1A889C2}"
EndProject
Project("{2150E333-8FDC-42A3-9474-1A3956D46DE8}") = "Week2", "Week2", "{2FEB885B-FB7E-4B3E-AE05-503446B603CE}"
EndProject
Project("{9A19103F-16F7-4668-BE54-9A1E7A4F7556}") = "Week2.Task1", "Week2.Task1\Week2.Task1.csproj", "{36F8E349-0F88-4D8D-9AE5-4C6FE3A48D62}"
EndProject
Project("{9A19103F-16F7-4668-BE54-9A1E7A4F7556}") = "Week2.Task2", "Week2.Task2\Week2.Task2.csproj", "{309ED16A-D94F-46D9-BA7F-431C10F6B91C}"
EndProject
Project("{2150E333-8FDC-42A3-9474-1A3956D46DE8}") = "Week3", "Week3", "{2377E8A8-E9A5-458A-9983-EBBCA82572CB}"
EndProject
Project("{9A19103F-16F7-4668-BE54-9A1E7A4F7556}") = "Week3.Task1", "Week3.Task1\Week3.Task1.csproj", "{09D74F4F-760B-493A-AFAB-4394B94C6830}"
EndProject
Project("{9A19103F-16F7-4668-BE54-9A1E7A4F7556}") = "Week3.Task2", "Week3.Task2\Week3.Task2.csproj", "{10EE0DBB-6081-454A-8387-E54EC3CDC858}"
EndProject
Project("{FAE04EC0-301F-11D3-BF4B-00C04F79EFBC}") = "Week3.Task3", "Week3.Task3\Week3.Task3.csproj", "{9D283303-D797-4CC6-812E-0243CC4D39F0}"
EndProject
Project("{FAE04EC0-301F-11D3-BF4B-00C04F79EFBC}") = "Week3.Task4", "Week3.Task4\Week3.Task4.csproj", "{BFA99D86-0DFD-4EDA-989B-D1F01D835F92}"
EndProject
Project("{FAE04EC0-301F-11D3-BF4B-00C04F79EFBC}") = "Week3.Task5", "Week3.Task5\Week3.Task5.csproj", "{B25D4D08-38A7-4756-B343-AAC382F55299}"
EndProject
Global
	GlobalSection(SolutionConfigurationPlatforms) = preSolution
		Debug|Any CPU = Debug|Any CPU
		Release|Any CPU = Release|Any CPU
	EndGlobalSection
	GlobalSection(ProjectConfigurationPlatforms) = postSolution
		{96C0AD5D-AD37-442D-B4D1-D8C796A0F596}.Debug|Any CPU.ActiveCfg = Debug|Any CPU
		{96C0AD5D-AD37-442D-B4D1-D8C796A0F596}.Debug|Any CPU.Build.0 = Debug|Any CPU
		{96C0AD5D-AD37-442D-B4D1-D8C796A0F596}.Release|Any CPU.ActiveCfg = Release|Any CPU
		{96C0AD5D-AD37-442D-B4D1-D8C796A0F596}.Release|Any CPU.Build.0 = Release|Any CPU
		{998DC4AC-E37B-439F-9ADE-E4C2E1A889C2}.Debug|Any CPU.ActiveCfg = Debug|Any CPU
		{998DC4AC-E37B-439F-9ADE-E4C2E1A889C2}.Debug|Any CPU.Build.0 = Debug|Any CPU
		{998DC4AC-E37B-439F-9ADE-E4C2E1A889C2}.Release|Any CPU.ActiveCfg = Release|Any CPU
		{998DC4AC-E37B-439F-9ADE-E4C2E1A889C2}.Release|Any CPU.Build.0 = Release|Any CPU
		{36F8E349-0F88-4D8D-9AE5-4C6FE3A48D62}.Debug|Any CPU.ActiveCfg = Debug|Any CPU
		{36F8E349-0F88-4D8D-9AE5-4C6FE3A48D62}.Debug|Any CPU.Build.0 = Debug|Any CPU
		{36F8E349-0F88-4D8D-9AE5-4C6FE3A48D62}.Release|Any CPU.ActiveCfg = Release|Any CPU
		{36F8E349-0F88-4D8D-9AE5-4C6FE3A48D62}.Release|Any CPU.Build.0 = Release|Any CPU
		{309ED16A-D94F-46D9-BA7F-431C10F6B91C}.Debug|Any CPU.ActiveCfg = Debug|Any CPU
		{309ED16A-D94F-46D9-BA7F-431C10F6B91C}.Debug|Any CPU.Build.0 = Debug|Any CPU
		{309ED16A-D94F-46D9-BA7F-431C10F6B91C}.Release|Any CPU.ActiveCfg = Release|Any CPU
		{309ED16A-D94F-46D9-BA7F-431C10F6B91C}.Release|Any CPU.Build.0 = Release|Any CPU
		{09D74F4F-760B-493A-AFAB-4394B94C6830}.Debug|Any CPU.ActiveCfg = Debug|Any CPU
		{09D74F4F-760B-493A-AFAB-4394B94C6830}.Debug|Any CPU.Build.0 = Debug|Any CPU
		{09D74F4F-760B-493A-AFAB-4394B94C6830}.Release|Any CPU.ActiveCfg = Release|Any CPU
		{09D74F4F-760B-493A-AFAB-4394B94C6830}.Release|Any CPU.Build.0 = Release|Any CPU
		{10EE0DBB-6081-454A-8387-E54EC3CDC858}.Debug|Any CPU.ActiveCfg = Debug|Any CPU
		{10EE0DBB-6081-454A-8387-E54EC3CDC858}.Debug|Any CPU.Build.0 = Debug|Any CPU
		{10EE0DBB-6081-454A-8387-E54EC3CDC858}.Release|Any CPU.ActiveCfg = Release|Any CPU
		{10EE0DBB-6081-454A-8387-E54EC3CDC858}.Release|Any CPU.Build.0 = Release|Any CPU
		{9D283303-D797-4CC6-812E-0243CC4D39F0}.Debug|Any CPU.ActiveCfg = Debug|Any CPU
		{9D283303-D797-4CC6-812E-0243CC4D39F0}.Debug|Any CPU.Build.0 = Debug|Any CPU
		{9D283303-D797-4CC6-812E-0243CC4D39F0}.Release|Any CPU.ActiveCfg = Release|Any CPU
		{9D283303-D797-4CC6-812E-0243CC4D39F0}.Release|Any CPU.Build.0 = Release|Any CPU
		{BFA99D86-0DFD-4EDA-989B-D1F01D835F92}.Debug|Any CPU.ActiveCfg = Debug|Any CPU
		{BFA99D86-0DFD-4EDA-989B-D1F01D835F92}.Debug|Any CPU.Build.0 = Debug|Any CPU
		{BFA99D86-0DFD-4EDA-989B-D1F01D835F92}.Release|Any CPU.ActiveCfg = Release|Any CPU
		{BFA99D86-0DFD-4EDA-989B-D1F01D835F92}.Release|Any CPU.Build.0 = Release|Any CPU
		{B25D4D08-38A7-4756-B343-AAC382F55299}.Debug|Any CPU.ActiveCfg = Debug|Any CPU
		{B25D4D08-38A7-4756-B343-AAC382F55299}.Debug|Any CPU.Build.0 = Debug|Any CPU
		{B25D4D08-38A7-4756-B343-AAC382F55299}.Release|Any CPU.ActiveCfg = Release|Any CPU
		{B25D4D08-38A7-4756-B343-AAC382F55299}.Release|Any CPU.Build.0 = Release|Any CPU
	EndGlobalSection
	GlobalSection(SolutionProperties) = preSolution
		HideSolutionNode = FALSE
	EndGlobalSection
	GlobalSection(NestedProjects) = preSolution
		{96C0AD5D-AD37-442D-B4D1-D8C796A0F596} = {84EBACF0-339F-49E0-B15A-3BACE4E24443}
		{998DC4AC-E37B-439F-9ADE-E4C2E1A889C2} = {84EBACF0-339F-49E0-B15A-3BACE4E24443}
		{36F8E349-0F88-4D8D-9AE5-4C6FE3A48D62} = {2FEB885B-FB7E-4B3E-AE05-503446B603CE}
		{309ED16A-D94F-46D9-BA7F-431C10F6B91C} = {2FEB885B-FB7E-4B3E-AE05-503446B603CE}
		{09D74F4F-760B-493A-AFAB-4394B94C6830} = {2377E8A8-E9A5-458A-9983-EBBCA82572CB}
		{10EE0DBB-6081-454A-8387-E54EC3CDC858} = {2377E8A8-E9A5-458A-9983-EBBCA82572CB}
		{9D283303-D797-4CC6-812E-0243CC4D39F0} = {2377E8A8-E9A5-458A-9983-EBBCA82572CB}
		{BFA99D86-0DFD-4EDA-989B-D1F01D835F92} = {2377E8A8-E9A5-458A-9983-EBBCA82572CB}
		{B25D4D08-38A7-4756-B343-AAC382F55299} = {2377E8A8-E9A5-458A-9983-EBBCA82572CB}
	EndGlobalSection
	GlobalSection(ExtensibilityGlobals) = postSolution
		SolutionGuid = {C45145AA-C4B4-417B-A022-E73BBBC2AC07}
	EndGlobalSection
EndGlobal
